# THIS IS AN AUTOGENERATED FILE. DO NOT EDIT THIS FILE DIRECTLY.
# yarn lockfile v1


"@types/node@*":
  version "16.4.4"
  resolved "https://registry.npmjs.org/@types/node/-/node-16.4.4.tgz"

"@types/yauzl@^2.9.1":
  version "2.9.2"
  resolved "https://registry.npmjs.org/@types/yauzl/-/yauzl-2.9.2.tgz"
  dependencies:
    "@types/node" "*"

accepts@^1.3.5:
  version "1.3.7"
  resolved "https://registry.npmjs.org/accepts/-/accepts-1.3.7.tgz"
  dependencies:
    mime-types "~2.1.24"
    negotiator "0.6.2"

agent-base@6:
  version "6.0.2"
  resolved "https://registry.npmjs.org/agent-base/-/agent-base-6.0.2.tgz"
  dependencies:
    debug "4"

agent-base@^4.3.0:
  version "4.3.0"
  resolved "https://registry.npmjs.org/agent-base/-/agent-base-4.3.0.tgz"
  dependencies:
    es6-promisify "^5.0.0"

any-promise@^1.1.0:
  version "1.3.0"
  resolved "https://registry.npmjs.org/any-promise/-/any-promise-1.3.0.tgz"

async-limiter@~1.0.0:
  version "1.0.1"
  resolved "https://registry.npmjs.org/async-limiter/-/async-limiter-1.0.1.tgz"

balanced-match@^1.0.0:
  version "1.0.2"
  resolved "https://registry.npmjs.org/balanced-match/-/balanced-match-1.0.2.tgz"

base64-js@^1.3.1:
  version "1.5.1"
  resolved "https://registry.npmjs.org/base64-js/-/base64-js-1.5.1.tgz"

bl@^4.0.3:
  version "4.1.0"
  resolved "https://registry.npmjs.org/bl/-/bl-4.1.0.tgz"
  dependencies:
    buffer "^5.5.0"
    inherits "^2.0.4"
    readable-stream "^3.4.0"

brace-expansion@^1.1.7:
  version "1.1.11"
  resolved "https://registry.npmjs.org/brace-expansion/-/brace-expansion-1.1.11.tgz"
  dependencies:
    balanced-match "^1.0.0"
    concat-map "0.0.1"

buffer-crc32@~0.2.3:
  version "0.2.13"
  resolved "https://registry.npmjs.org/buffer-crc32/-/buffer-crc32-0.2.13.tgz"

buffer-from@^1.0.0:
  version "1.1.2"
  resolved "https://registry.npmjs.org/buffer-from/-/buffer-from-1.1.2.tgz"

buffer@^5.2.1, buffer@^5.5.0:
  version "5.7.1"
  resolved "https://registry.npmjs.org/buffer/-/buffer-5.7.1.tgz"
  dependencies:
    base64-js "^1.3.1"
    ieee754 "^1.1.13"

cache-content-type@^1.0.0:
  version "1.0.1"
  resolved "https://registry.npmjs.org/cache-content-type/-/cache-content-type-1.0.1.tgz"
  dependencies:
    mime-types "^2.1.18"
    ylru "^1.2.0"

chownr@^1.1.1:
  version "1.1.4"
  resolved "https://registry.npmjs.org/chownr/-/chownr-1.1.4.tgz"

co@^4.6.0:
  version "4.6.0"
  resolved "https://registry.npmjs.org/co/-/co-4.6.0.tgz"

concat-map@0.0.1:
  version "0.0.1"
  resolved "https://registry.npmjs.org/concat-map/-/concat-map-0.0.1.tgz"

concat-stream@^1.6.2:
  version "1.6.2"
  resolved "https://registry.npmjs.org/concat-stream/-/concat-stream-1.6.2.tgz"
  dependencies:
    buffer-from "^1.0.0"
    inherits "^2.0.3"
    readable-stream "^2.2.2"
    typedarray "^0.0.6"

content-disposition@~0.5.2:
  version "0.5.3"
  resolved "https://registry.npmjs.org/content-disposition/-/content-disposition-0.5.3.tgz"
  dependencies:
    safe-buffer "5.1.2"

content-type@^1.0.4:
  version "1.0.4"
  resolved "https://registry.npmjs.org/content-type/-/content-type-1.0.4.tgz"

cookies@~0.8.0:
  version "0.8.0"
  resolved "https://registry.npmjs.org/cookies/-/cookies-0.8.0.tgz"
  dependencies:
    depd "~2.0.0"
    keygrip "~1.1.0"

core-util-is@~1.0.0:
  version "1.0.2"
  resolved "https://registry.npmjs.org/core-util-is/-/core-util-is-1.0.2.tgz"

cross-env@^7.0.3:
  version "7.0.3"
  resolved "https://registry.npmjs.org/cross-env/-/cross-env-7.0.3.tgz"
  dependencies:
    cross-spawn "^7.0.1"

cross-spawn@^7.0.1:
  version "7.0.3"
  resolved "https://registry.npmjs.org/cross-spawn/-/cross-spawn-7.0.3.tgz"
  dependencies:
    path-key "^3.1.0"
    shebang-command "^2.0.0"
    which "^2.0.1"

debug@4, debug@4.3.1, debug@^4.1.0, debug@^4.1.1:
  version "4.3.1"
  resolved "https://registry.npmjs.org/debug/-/debug-4.3.1.tgz"
  dependencies:
    ms "2.1.2"

debug@^2.6.9:
  version "2.6.9"
  resolved "https://registry.npmjs.org/debug/-/debug-2.6.9.tgz"
  dependencies:
    ms "2.0.0"

debug@^3.1.0:
  version "3.2.7"
  resolved "https://registry.npmjs.org/debug/-/debug-3.2.7.tgz"
  dependencies:
    ms "^2.1.1"

debug@~3.1.0:
  version "3.1.0"
  resolved "https://registry.npmjs.org/debug/-/debug-3.1.0.tgz"
  dependencies:
    ms "2.0.0"

deep-equal@~1.0.1:
  version "1.0.1"
  resolved "https://registry.npmjs.org/deep-equal/-/deep-equal-1.0.1.tgz"

delegates@^1.0.0:
  version "1.0.0"
  resolved "https://registry.npmjs.org/delegates/-/delegates-1.0.0.tgz"

depd@^2.0.0, depd@~2.0.0:
  version "2.0.0"
  resolved "https://registry.npmjs.org/depd/-/depd-2.0.0.tgz"

depd@~1.1.2:
  version "1.1.2"
  resolved "https://registry.npmjs.org/depd/-/depd-1.1.2.tgz"

destroy@^1.0.4:
  version "1.0.4"
  resolved "https://registry.npmjs.org/destroy/-/destroy-1.0.4.tgz"

devtools-protocol@0.0.883894:
  version "0.0.883894"
  resolved "https://registry.npmjs.org/devtools-protocol/-/devtools-protocol-0.0.883894.tgz"

ee-first@1.1.1:
  version "1.1.1"
  resolved "https://registry.npmjs.org/ee-first/-/ee-first-1.1.1.tgz"

encodeurl@^1.0.2:
  version "1.0.2"
  resolved "https://registry.npmjs.org/encodeurl/-/encodeurl-1.0.2.tgz"

end-of-stream@^1.1.0, end-of-stream@^1.4.1:
  version "1.4.4"
  resolved "https://registry.npmjs.org/end-of-stream/-/end-of-stream-1.4.4.tgz"
  dependencies:
    once "^1.4.0"

es6-promise@^4.0.3:
  version "4.2.8"
  resolved "https://registry.npmjs.org/es6-promise/-/es6-promise-4.2.8.tgz"

es6-promisify@^5.0.0:
  version "5.0.0"
  resolved "https://registry.npmjs.org/es6-promisify/-/es6-promisify-5.0.0.tgz"
  dependencies:
    es6-promise "^4.0.3"

escape-html@^1.0.3:
  version "1.0.3"
  resolved "https://registry.npmjs.org/escape-html/-/escape-html-1.0.3.tgz"

extract-zip@2.0.1:
  version "2.0.1"
  resolved "https://registry.npmjs.org/extract-zip/-/extract-zip-2.0.1.tgz"
  dependencies:
    debug "^4.1.1"
    get-stream "^5.1.0"
    yauzl "^2.10.0"
  optionalDependencies:
    "@types/yauzl" "^2.9.1"

extract-zip@^1.6.6:
  version "1.7.0"
  resolved "https://registry.npmjs.org/extract-zip/-/extract-zip-1.7.0.tgz"
  dependencies:
    concat-stream "^1.6.2"
    debug "^2.6.9"
    mkdirp "^0.5.4"
    yauzl "^2.10.0"

fd-slicer@~1.1.0:
  version "1.1.0"
  resolved "https://registry.npmjs.org/fd-slicer/-/fd-slicer-1.1.0.tgz"
  dependencies:
    pend "~1.2.0"

find-up@^4.0.0:
  version "4.1.0"
  resolved "https://registry.npmjs.org/find-up/-/find-up-4.1.0.tgz"
  dependencies:
    locate-path "^5.0.0"
    path-exists "^4.0.0"

fresh@~0.5.2:
  version "0.5.2"
  resolved "https://registry.npmjs.org/fresh/-/fresh-0.5.2.tgz"

fs-constants@^1.0.0:
  version "1.0.0"
  resolved "https://registry.npmjs.org/fs-constants/-/fs-constants-1.0.0.tgz"

fs.realpath@^1.0.0:
  version "1.0.0"
  resolved "https://registry.npmjs.org/fs.realpath/-/fs.realpath-1.0.0.tgz"

get-stream@^5.1.0:
  version "5.2.0"
  resolved "https://registry.npmjs.org/get-stream/-/get-stream-5.2.0.tgz"
  dependencies:
    pump "^3.0.0"

glob@^7.1.3:
  version "7.1.7"
  resolved "https://registry.npmjs.org/glob/-/glob-7.1.7.tgz"
  dependencies:
    fs.realpath "^1.0.0"
    inflight "^1.0.4"
    inherits "2"
    minimatch "^3.0.4"
    once "^1.3.0"
    path-is-absolute "^1.0.0"

http-assert@^1.3.0:
  version "1.4.1"
  resolved "https://registry.npmjs.org/http-assert/-/http-assert-1.4.1.tgz"
  dependencies:
    deep-equal "~1.0.1"
    http-errors "~1.7.2"

http-errors@^1.6.3, http-errors@^1.7.3:
  version "1.8.0"
  resolved "https://registry.npmjs.org/http-errors/-/http-errors-1.8.0.tgz"
  dependencies:
    depd "~1.1.2"
    inherits "2.0.4"
    setprototypeof "1.2.0"
    statuses ">= 1.5.0 < 2"
    toidentifier "1.0.0"

http-errors@~1.7.2:
  version "1.7.3"
  resolved "https://registry.npmjs.org/http-errors/-/http-errors-1.7.3.tgz"
  dependencies:
    depd "~1.1.2"
    inherits "2.0.4"
    setprototypeof "1.1.1"
    statuses ">= 1.5.0 < 2"
    toidentifier "1.0.0"

https-proxy-agent@5.0.0:
  version "5.0.0"
  resolved "https://registry.npmjs.org/https-proxy-agent/-/https-proxy-agent-5.0.0.tgz"
  dependencies:
    agent-base "6"
    debug "4"

https-proxy-agent@^2.2.1:
  version "2.2.4"
  resolved "https://registry.npmjs.org/https-proxy-agent/-/https-proxy-agent-2.2.4.tgz"
  dependencies:
    agent-base "^4.3.0"
    debug "^3.1.0"

ieee754@^1.1.13:
  version "1.2.1"
  resolved "https://registry.npmjs.org/ieee754/-/ieee754-1.2.1.tgz"

inflight@^1.0.4:
  version "1.0.6"
  resolved "https://registry.npmjs.org/inflight/-/inflight-1.0.6.tgz"
  dependencies:
    once "^1.3.0"
    wrappy "1"

inherits@2, inherits@2.0.4, inherits@^2.0.3, inherits@^2.0.4, inherits@~2.0.3:
  version "2.0.4"
  resolved "https://registry.npmjs.org/inherits/-/inherits-2.0.4.tgz"

is-generator-function@^1.0.7:
  version "1.0.9"
  resolved "https://registry.npmjs.org/is-generator-function/-/is-generator-function-1.0.9.tgz"

isarray@~1.0.0:
  version "1.0.0"
  resolved "https://registry.npmjs.org/isarray/-/isarray-1.0.0.tgz"

isexe@^2.0.0:
  version "2.0.0"
  resolved "https://registry.npmjs.org/isexe/-/isexe-2.0.0.tgz"

keygrip@~1.1.0:
  version "1.1.0"
  resolved "https://registry.npmjs.org/keygrip/-/keygrip-1.1.0.tgz"
  dependencies:
    tsscmp "1.0.6"

koa-compose@^3.0.0:
  version "3.2.1"
  resolved "https://registry.npmjs.org/koa-compose/-/koa-compose-3.2.1.tgz"
  dependencies:
    any-promise "^1.1.0"

koa-compose@^4.1.0:
  version "4.1.0"
  resolved "https://registry.npmjs.org/koa-compose/-/koa-compose-4.1.0.tgz"

koa-convert@^1.2.0:
  version "1.2.0"
  resolved "https://registry.npmjs.org/koa-convert/-/koa-convert-1.2.0.tgz"
  dependencies:
    co "^4.6.0"
    koa-compose "^3.0.0"

koa-router@^10.0.0:
  version "10.0.0"
  resolved "https://registry.npmjs.org/koa-router/-/koa-router-10.0.0.tgz"
  dependencies:
    debug "^4.1.1"
    http-errors "^1.7.3"
    koa-compose "^4.1.0"
    methods "^1.1.2"
    path-to-regexp "^6.1.0"

koa@^2.13.1:
  version "2.13.1"
  resolved "https://registry.npmjs.org/koa/-/koa-2.13.1.tgz"
  dependencies:
    accepts "^1.3.5"
    cache-content-type "^1.0.0"
    content-disposition "~0.5.2"
    content-type "^1.0.4"
    cookies "~0.8.0"
    debug "~3.1.0"
    delegates "^1.0.0"
    depd "^2.0.0"
    destroy "^1.0.4"
    encodeurl "^1.0.2"
    escape-html "^1.0.3"
    fresh "~0.5.2"
    http-assert "^1.3.0"
    http-errors "^1.6.3"
    is-generator-function "^1.0.7"
    koa-compose "^4.1.0"
    koa-convert "^1.2.0"
    on-finished "^2.3.0"
    only "~0.0.2"
    parseurl "^1.3.2"
    statuses "^1.5.0"
    type-is "^1.6.16"
    vary "^1.1.2"

locate-path@^5.0.0:
  version "5.0.0"
  resolved "https://registry.npmjs.org/locate-path/-/locate-path-5.0.0.tgz"
  dependencies:
    p-locate "^4.1.0"

media-typer@0.3.0:
  version "0.3.0"
  resolved "https://registry.npmjs.org/media-typer/-/media-typer-0.3.0.tgz"

methods@^1.1.2:
  version "1.1.2"
  resolved "https://registry.npmjs.org/methods/-/methods-1.1.2.tgz"

mime-db@1.49.0:
  version "1.49.0"
  resolved "https://registry.npmjs.org/mime-db/-/mime-db-1.49.0.tgz"

mime-types@^2.1.18, mime-types@~2.1.24:
  version "2.1.32"
  resolved "https://registry.npmjs.org/mime-types/-/mime-types-2.1.32.tgz"
  dependencies:
    mime-db "1.49.0"

mime@^2.0.3:
  version "2.5.2"
  resolved "https://registry.npmjs.org/mime/-/mime-2.5.2.tgz"

minimatch@^3.0.4:
  version "3.0.4"
  resolved "https://registry.npmjs.org/minimatch/-/minimatch-3.0.4.tgz"
  dependencies:
    brace-expansion "^1.1.7"

minimist@^1.2.5:
  version "1.2.6"
  resolved "https://registry.yarnpkg.com/minimist/-/minimist-1.2.6.tgz#8637a5b759ea0d6e98702cfb3a9283323c93af44"

mkdirp@^0.5.1, mkdirp@^0.5.4:
  version "0.5.5"
  resolved "https://registry.npmjs.org/mkdirp/-/mkdirp-0.5.5.tgz"
  dependencies:
    minimist "^1.2.5"

ms@2.0.0:
  version "2.0.0"
  resolved "https://registry.npmjs.org/ms/-/ms-2.0.0.tgz"

ms@2.1.2:
  version "2.1.2"
  resolved "https://registry.npmjs.org/ms/-/ms-2.1.2.tgz"

ms@^2.1.1:
  version "2.1.3"
  resolved "https://registry.npmjs.org/ms/-/ms-2.1.3.tgz"

negotiator@0.6.2:
  version "0.6.2"
  resolved "https://registry.npmjs.org/negotiator/-/negotiator-0.6.2.tgz"

node-fetch@2.6.1:
  version "2.6.1"
  resolved "https://registry.npmjs.org/node-fetch/-/node-fetch-2.6.1.tgz"

on-finished@^2.3.0:
  version "2.3.0"
  resolved "https://registry.npmjs.org/on-finished/-/on-finished-2.3.0.tgz"
  dependencies:
    ee-first "1.1.1"

once@^1.3.0, once@^1.3.1, once@^1.4.0:
  version "1.4.0"
  resolved "https://registry.npmjs.org/once/-/once-1.4.0.tgz"
  dependencies:
    wrappy "1"

only@~0.0.2:
  version "0.0.2"
  resolved "https://registry.npmjs.org/only/-/only-0.0.2.tgz"

p-limit@^2.2.0:
  version "2.3.0"
  resolved "https://registry.npmjs.org/p-limit/-/p-limit-2.3.0.tgz"
  dependencies:
    p-try "^2.0.0"

p-locate@^4.1.0:
  version "4.1.0"
  resolved "https://registry.npmjs.org/p-locate/-/p-locate-4.1.0.tgz"
  dependencies:
    p-limit "^2.2.0"

p-try@^2.0.0:
  version "2.2.0"
  resolved "https://registry.npmjs.org/p-try/-/p-try-2.2.0.tgz"

parseurl@^1.3.2:
  version "1.3.3"
  resolved "https://registry.npmjs.org/parseurl/-/parseurl-1.3.3.tgz"

path-exists@^4.0.0:
  version "4.0.0"
  resolved "https://registry.npmjs.org/path-exists/-/path-exists-4.0.0.tgz"

path-is-absolute@^1.0.0:
  version "1.0.1"
  resolved "https://registry.npmjs.org/path-is-absolute/-/path-is-absolute-1.0.1.tgz"

path-key@^3.1.0:
  version "3.1.1"
  resolved "https://registry.npmjs.org/path-key/-/path-key-3.1.1.tgz"

path-to-regexp@^6.1.0:
  version "6.2.0"
  resolved "https://registry.npmjs.org/path-to-regexp/-/path-to-regexp-6.2.0.tgz"

pend@~1.2.0:
  version "1.2.0"
  resolved "https://registry.npmjs.org/pend/-/pend-1.2.0.tgz"

pkg-dir@4.2.0:
  version "4.2.0"
  resolved "https://registry.npmjs.org/pkg-dir/-/pkg-dir-4.2.0.tgz"
  dependencies:
    find-up "^4.0.0"

process-nextick-args@~2.0.0:
  version "2.0.1"
  resolved "https://registry.npmjs.org/process-nextick-args/-/process-nextick-args-2.0.1.tgz"

progress@2.0.1, progress@^2.0.1:
  version "2.0.1"
  resolved "https://registry.npmjs.org/progress/-/progress-2.0.1.tgz"

proxy-from-env@1.1.0, proxy-from-env@^1.0.0:
  version "1.1.0"
  resolved "https://registry.npmjs.org/proxy-from-env/-/proxy-from-env-1.1.0.tgz"

pump@^3.0.0:
  version "3.0.0"
  resolved "https://registry.npmjs.org/pump/-/pump-3.0.0.tgz"
  dependencies:
    end-of-stream "^1.1.0"
    once "^1.3.1"

puppeteer-core@^10.1.0:
  version "10.1.0"
  resolved "https://registry.npmjs.org/puppeteer-core/-/puppeteer-core-10.1.0.tgz"
  dependencies:
    debug "4.3.1"
    devtools-protocol "0.0.883894"
    extract-zip "2.0.1"
    https-proxy-agent "5.0.0"
    node-fetch "2.6.1"
    pkg-dir "4.2.0"
    progress "2.0.1"
    proxy-from-env "1.1.0"
    rimraf "3.0.2"
    tar-fs "2.0.0"
    unbzip2-stream "1.3.3"
    ws "7.4.6"

puppeteer@1.11.0:
  version "1.11.0"
  resolved "https://registry.npmjs.org/puppeteer/-/puppeteer-1.11.0.tgz"
  dependencies:
    debug "^4.1.0"
    extract-zip "^1.6.6"
    https-proxy-agent "^2.2.1"
    mime "^2.0.3"
    progress "^2.0.1"
    proxy-from-env "^1.0.0"
    rimraf "^2.6.1"
    ws "^6.1.0"

readable-stream@^2.2.2:
  version "2.3.7"
  resolved "https://registry.npmjs.org/readable-stream/-/readable-stream-2.3.7.tgz"
  dependencies:
    core-util-is "~1.0.0"
    inherits "~2.0.3"
    isarray "~1.0.0"
    process-nextick-args "~2.0.0"
    safe-buffer "~5.1.1"
    string_decoder "~1.1.1"
    util-deprecate "~1.0.1"

readable-stream@^3.1.1, readable-stream@^3.4.0:
  version "3.6.0"
  resolved "https://registry.npmjs.org/readable-stream/-/readable-stream-3.6.0.tgz"
  dependencies:
    inherits "^2.0.3"
    string_decoder "^1.1.1"
    util-deprecate "^1.0.1"

rimraf@3.0.2:
  version "3.0.2"
  resolved "https://registry.npmjs.org/rimraf/-/rimraf-3.0.2.tgz"
  dependencies:
    glob "^7.1.3"

rimraf@^2.6.1:
  version "2.7.1"
  resolved "https://registry.npmjs.org/rimraf/-/rimraf-2.7.1.tgz"
  dependencies:
    glob "^7.1.3"

safe-buffer@5.1.2, safe-buffer@~5.1.0, safe-buffer@~5.1.1:
  version "5.1.2"
  resolved "https://registry.npmjs.org/safe-buffer/-/safe-buffer-5.1.2.tgz"

safe-buffer@~5.2.0:
  version "5.2.1"
  resolved "https://registry.npmjs.org/safe-buffer/-/safe-buffer-5.2.1.tgz"

setprototypeof@1.1.1:
  version "1.1.1"
  resolved "https://registry.npmjs.org/setprototypeof/-/setprototypeof-1.1.1.tgz"

setprototypeof@1.2.0:
  version "1.2.0"
  resolved "https://registry.npmjs.org/setprototypeof/-/setprototypeof-1.2.0.tgz"

shebang-command@^2.0.0:
  version "2.0.0"
  resolved "https://registry.npmjs.org/shebang-command/-/shebang-command-2.0.0.tgz"
  dependencies:
    shebang-regex "^3.0.0"

shebang-regex@^3.0.0:
  version "3.0.0"
  resolved "https://registry.npmjs.org/shebang-regex/-/shebang-regex-3.0.0.tgz"

"statuses@>= 1.5.0 < 2", statuses@^1.5.0:
  version "1.5.0"
  resolved "https://registry.npmjs.org/statuses/-/statuses-1.5.0.tgz"

string_decoder@^1.1.1:
  version "1.3.0"
  resolved "https://registry.npmjs.org/string_decoder/-/string_decoder-1.3.0.tgz"
  dependencies:
    safe-buffer "~5.2.0"

string_decoder@~1.1.1:
  version "1.1.1"
  resolved "https://registry.npmjs.org/string_decoder/-/string_decoder-1.1.1.tgz"
  dependencies:
    safe-buffer "~5.1.0"

tar-fs@2.0.0:
  version "2.0.0"
  resolved "https://registry.npmjs.org/tar-fs/-/tar-fs-2.0.0.tgz"
  dependencies:
    chownr "^1.1.1"
    mkdirp "^0.5.1"
    pump "^3.0.0"
    tar-stream "^2.0.0"

tar-stream@^2.0.0:
  version "2.2.0"
  resolved "https://registry.npmjs.org/tar-stream/-/tar-stream-2.2.0.tgz"
  dependencies:
    bl "^4.0.3"
    end-of-stream "^1.4.1"
    fs-constants "^1.0.0"
    inherits "^2.0.3"
    readable-stream "^3.1.1"

through@^2.3.8:
  version "2.3.8"
  resolved "https://registry.npmjs.org/through/-/through-2.3.8.tgz"

toidentifier@1.0.0:
  version "1.0.0"
  resolved "https://registry.npmjs.org/toidentifier/-/toidentifier-1.0.0.tgz"

tsscmp@1.0.6:
  version "1.0.6"
  resolved "https://registry.npmjs.org/tsscmp/-/tsscmp-1.0.6.tgz"

type-is@^1.6.16:
  version "1.6.18"
  resolved "https://registry.npmjs.org/type-is/-/type-is-1.6.18.tgz"
  dependencies:
    media-typer "0.3.0"
    mime-types "~2.1.24"

typedarray@^0.0.6:
  version "0.0.6"
  resolved "https://registry.npmjs.org/typedarray/-/typedarray-0.0.6.tgz"

unbzip2-stream@1.3.3:
  version "1.3.3"
  resolved "https://registry.npmjs.org/unbzip2-stream/-/unbzip2-stream-1.3.3.tgz"
  dependencies:
    buffer "^5.2.1"
    through "^2.3.8"

util-deprecate@^1.0.1, util-deprecate@~1.0.1:
  version "1.0.2"
  resolved "https://registry.npmjs.org/util-deprecate/-/util-deprecate-1.0.2.tgz"

vary@^1.1.2:
  version "1.1.2"
  resolved "https://registry.npmjs.org/vary/-/vary-1.1.2.tgz"

which@^2.0.1:
  version "2.0.2"
  resolved "https://registry.npmjs.org/which/-/which-2.0.2.tgz"
  dependencies:
    isexe "^2.0.0"

wrappy@1:
  version "1.0.2"
  resolved "https://registry.npmjs.org/wrappy/-/wrappy-1.0.2.tgz"

ws@7.4.6:
  version "7.4.6"
  resolved "https://registry.npmjs.org/ws/-/ws-7.4.6.tgz"

ws@^6.1.0:
  version "6.2.2"
  resolved "https://registry.npmjs.org/ws/-/ws-6.2.2.tgz"
  dependencies:
    async-limiter "~1.0.0"

yauzl@^2.10.0:
  version "2.10.0"
  resolved "https://registry.npmjs.org/yauzl/-/yauzl-2.10.0.tgz"
  dependencies:
    buffer-crc32 "~0.2.3"
    fd-slicer "~1.1.0"

ylru@^1.2.0:
  version "1.2.1"
  resolved "https://registry.npmjs.org/ylru/-/ylru-1.2.1.tgz"
